// !$*UTF8*$!
{
	archiveVersion = 1;
	classes = {
	};
	objectVersion = 60;
	objects = {

/* Begin PBXBuildFile section */
		1116C6742900DF0B00E08B04 /* MarketsApp.swift in Sources */ = {isa = PBXBuildFile; fileRef = 1116C6732900DF0B00E08B04 /* MarketsApp.swift */; };
		1116C6762900DF0B00E08B04 /* ContentView.swift in Sources */ = {isa = PBXBuildFile; fileRef = 1116C6752900DF0B00E08B04 /* ContentView.swift */; };
		1116C6782900DF0C00E08B04 /* Assets.xcassets in Resources */ = {isa = PBXBuildFile; fileRef = 1116C6772900DF0C00E08B04 /* Assets.xcassets */; };
		1116C67B2900DF0C00E08B04 /* Preview Assets.xcassets in Resources */ = {isa = PBXBuildFile; fileRef = 1116C67A2900DF0C00E08B04 /* Preview Assets.xcassets */; };
		1116C6852900DF0D00E08B04 /* MarketsTests.swift in Sources */ = {isa = PBXBuildFile; fileRef = 1116C6842900DF0D00E08B04 /* MarketsTests.swift */; };
		1116C68F2900DF0D00E08B04 /* MarketsUITests.swift in Sources */ = {isa = PBXBuildFile; fileRef = 1116C68E2900DF0D00E08B04 /* MarketsUITests.swift */; };
		1116C6912900DF0D00E08B04 /* MarketsUITestsLaunchTests.swift in Sources */ = {isa = PBXBuildFile; fileRef = 1116C6902900DF0D00E08B04 /* MarketsUITestsLaunchTests.swift */; };
		1116C6A12900EFB300E08B04 /* URLImage.swift in Sources */ = {isa = PBXBuildFile; fileRef = 1116C6A02900EFB300E08B04 /* URLImage.swift */; };
		FC715A742B11B9F80048EDB1 /* FailableDecodable.swift in Sources */ = {isa = PBXBuildFile; fileRef = FC715A732B11B9F80048EDB1 /* FailableDecodable.swift */; };
		FC7CD8942B08293E00D1D83F /* APIClient.swift in Sources */ = {isa = PBXBuildFile; fileRef = FC7CD8932B08293E00D1D83F /* APIClient.swift */; };
		FC7CD8962B08344A00D1D83F /* ViewModel.swift in Sources */ = {isa = PBXBuildFile; fileRef = FC7CD8952B08344A00D1D83F /* ViewModel.swift */; };
		FC7CD8982B0835A900D1D83F /* WebView.swift in Sources */ = {isa = PBXBuildFile; fileRef = FC7CD8972B0835A900D1D83F /* WebView.swift */; };
		FC7CD89A2B083E5F00D1D83F /* WKWebview+SaveCookies.swift in Sources */ = {isa = PBXBuildFile; fileRef = FC7CD8992B083E5F00D1D83F /* WKWebview+SaveCookies.swift */; };
		FC825D362B08CAEC00067AF4 /* MarketplaceRequest.swift in Sources */ = {isa = PBXBuildFile; fileRef = FC825D352B08CAEC00067AF4 /* MarketplaceRequest.swift */; };
		FC825D382B08CAFD00067AF4 /* URL+Identifiable.swift in Sources */ = {isa = PBXBuildFile; fileRef = FC825D372B08CAFD00067AF4 /* URL+Identifiable.swift */; };
		FC825D3A2B08CB1000067AF4 /* MarketplaceItem.swift in Sources */ = {isa = PBXBuildFile; fileRef = FC825D392B08CB1000067AF4 /* MarketplaceItem.swift */; };
		FC825D3E2B08CB3500067AF4 /* WKWebsiteDataStore+Cookie.swift in Sources */ = {isa = PBXBuildFile; fileRef = FC825D3D2B08CB3500067AF4 /* WKWebsiteDataStore+Cookie.swift */; };
		FC825D402B08CB5B00067AF4 /* MarketplaceSearchResponse.swift in Sources */ = {isa = PBXBuildFile; fileRef = FC825D3F2B08CB5B00067AF4 /* MarketplaceSearchResponse.swift */; };
		FC825D432B08CB7A00067AF4 /* StringMappable.swift in Sources */ = {isa = PBXBuildFile; fileRef = FC825D422B08CB7A00067AF4 /* StringMappable.swift */; };
		FC825D4B2B08E07400067AF4 /* Facebook.swift in Sources */ = {isa = PBXBuildFile; fileRef = FC825D4A2B08E07400067AF4 /* Facebook.swift */; };
		FCC2CF182B09F0010064C29E /* AlertsView.swift in Sources */ = {isa = PBXBuildFile; fileRef = FCC2CF172B09F0010064C29E /* AlertsView.swift */; };
		FCC2CF1B2B09F0CD0064C29E /* CardStack in Frameworks */ = {isa = PBXBuildFile; productRef = FCC2CF1A2B09F0CD0064C29E /* CardStack */; };
		FCC2CF1D2B09F1760064C29E /* MarketplaceItemView.swift in Sources */ = {isa = PBXBuildFile; fileRef = FCC2CF1C2B09F1760064C29E /* MarketplaceItemView.swift */; };
		FCC2CF1F2B09F3B00064C29E /* AlertConfigView.swift in Sources */ = {isa = PBXBuildFile; fileRef = FCC2CF1E2B09F3B00064C29E /* AlertConfigView.swift */; };
		FCE5FCAE2B09776800B21886 /* EmptyView.swift in Sources */ = {isa = PBXBuildFile; fileRef = FCE5FCAD2B09776800B21886 /* EmptyView.swift */; };
		FCE5FCB42B09A44200B21886 /* DylKit in Frameworks */ = {isa = PBXBuildFile; productRef = FCE5FCB32B09A44200B21886 /* DylKit */; };
		FCE5FCB72B09AC8F00B21886 /* WrappingHStack in Frameworks */ = {isa = PBXBuildFile; productRef = FCE5FCB62B09AC8F00B21886 /* WrappingHStack */; };
		FCE5FCBA2B09B91000B21886 /* NavigationSearchBar in Frameworks */ = {isa = PBXBuildFile; productRef = FCE5FCB92B09B91000B21886 /* NavigationSearchBar */; };
		FCE5FCBC2B09DF9000B21886 /* Secrets.swift in Sources */ = {isa = PBXBuildFile; fileRef = FCE5FCBB2B09DF9000B21886 /* Secrets.swift */; };
/* End PBXBuildFile section */

/* Begin PBXContainerItemProxy section */
		1116C6812900DF0D00E08B04 /* PBXContainerItemProxy */ = {
			isa = PBXContainerItemProxy;
			containerPortal = 1116C6682900DF0B00E08B04 /* Project object */;
			proxyType = 1;
			remoteGlobalIDString = 1116C66F2900DF0B00E08B04;
			remoteInfo = Markets;
		};
		1116C68B2900DF0D00E08B04 /* PBXContainerItemProxy */ = {
			isa = PBXContainerItemProxy;
			containerPortal = 1116C6682900DF0B00E08B04 /* Project object */;
			proxyType = 1;
			remoteGlobalIDString = 1116C66F2900DF0B00E08B04;
			remoteInfo = Markets;
		};
/* End PBXContainerItemProxy section */

/* Begin PBXFileReference section */
		1116C6702900DF0B00E08B04 /* Markets.app */ = {isa = PBXFileReference; explicitFileType = wrapper.application; includeInIndex = 0; path = Markets.app; sourceTree = BUILT_PRODUCTS_DIR; };
		1116C6732900DF0B00E08B04 /* MarketsApp.swift */ = {isa = PBXFileReference; lastKnownFileType = sourcecode.swift; path = MarketsApp.swift; sourceTree = "<group>"; };
		1116C6752900DF0B00E08B04 /* ContentView.swift */ = {isa = PBXFileReference; lastKnownFileType = sourcecode.swift; path = ContentView.swift; sourceTree = "<group>"; };
		1116C6772900DF0C00E08B04 /* Assets.xcassets */ = {isa = PBXFileReference; lastKnownFileType = folder.assetcatalog; path = Assets.xcassets; sourceTree = "<group>"; };
		1116C67A2900DF0C00E08B04 /* Preview Assets.xcassets */ = {isa = PBXFileReference; lastKnownFileType = folder.assetcatalog; path = "Preview Assets.xcassets"; sourceTree = "<group>"; };
		1116C6802900DF0D00E08B04 /* MarketsTests.xctest */ = {isa = PBXFileReference; explicitFileType = wrapper.cfbundle; includeInIndex = 0; path = MarketsTests.xctest; sourceTree = BUILT_PRODUCTS_DIR; };
		1116C6842900DF0D00E08B04 /* MarketsTests.swift */ = {isa = PBXFileReference; lastKnownFileType = sourcecode.swift; path = MarketsTests.swift; sourceTree = "<group>"; };
		1116C68A2900DF0D00E08B04 /* MarketsUITests.xctest */ = {isa = PBXFileReference; explicitFileType = wrapper.cfbundle; includeInIndex = 0; path = MarketsUITests.xctest; sourceTree = BUILT_PRODUCTS_DIR; };
		1116C68E2900DF0D00E08B04 /* MarketsUITests.swift */ = {isa = PBXFileReference; lastKnownFileType = sourcecode.swift; path = MarketsUITests.swift; sourceTree = "<group>"; };
		1116C6902900DF0D00E08B04 /* MarketsUITestsLaunchTests.swift */ = {isa = PBXFileReference; lastKnownFileType = sourcecode.swift; path = MarketsUITestsLaunchTests.swift; sourceTree = "<group>"; };
		1116C6A02900EFB300E08B04 /* URLImage.swift */ = {isa = PBXFileReference; lastKnownFileType = sourcecode.swift; path = URLImage.swift; sourceTree = "<group>"; };
		FC715A732B11B9F80048EDB1 /* FailableDecodable.swift */ = {isa = PBXFileReference; lastKnownFileType = sourcecode.swift; path = FailableDecodable.swift; sourceTree = "<group>"; };
		FC7CD8932B08293E00D1D83F /* APIClient.swift */ = {isa = PBXFileReference; lastKnownFileType = sourcecode.swift; path = APIClient.swift; sourceTree = "<group>"; };
		FC7CD8952B08344A00D1D83F /* ViewModel.swift */ = {isa = PBXFileReference; lastKnownFileType = sourcecode.swift; path = ViewModel.swift; sourceTree = "<group>"; };
		FC7CD8972B0835A900D1D83F /* WebView.swift */ = {isa = PBXFileReference; lastKnownFileType = sourcecode.swift; path = WebView.swift; sourceTree = "<group>"; };
		FC7CD8992B083E5F00D1D83F /* WKWebview+SaveCookies.swift */ = {isa = PBXFileReference; lastKnownFileType = sourcecode.swift; path = "WKWebview+SaveCookies.swift"; sourceTree = "<group>"; };
		FC7CD89B2B08432700D1D83F /* Info.plist */ = {isa = PBXFileReference; lastKnownFileType = text.plist; path = Info.plist; sourceTree = "<group>"; };
		FC825D352B08CAEC00067AF4 /* MarketplaceRequest.swift */ = {isa = PBXFileReference; lastKnownFileType = sourcecode.swift; path = MarketplaceRequest.swift; sourceTree = "<group>"; };
		FC825D372B08CAFD00067AF4 /* URL+Identifiable.swift */ = {isa = PBXFileReference; lastKnownFileType = sourcecode.swift; path = "URL+Identifiable.swift"; sourceTree = "<group>"; };
		FC825D392B08CB1000067AF4 /* MarketplaceItem.swift */ = {isa = PBXFileReference; lastKnownFileType = sourcecode.swift; path = MarketplaceItem.swift; sourceTree = "<group>"; };
		FC825D3D2B08CB3500067AF4 /* WKWebsiteDataStore+Cookie.swift */ = {isa = PBXFileReference; lastKnownFileType = sourcecode.swift; path = "WKWebsiteDataStore+Cookie.swift"; sourceTree = "<group>"; };
		FC825D3F2B08CB5B00067AF4 /* MarketplaceSearchResponse.swift */ = {isa = PBXFileReference; lastKnownFileType = sourcecode.swift; path = MarketplaceSearchResponse.swift; sourceTree = "<group>"; };
		FC825D422B08CB7A00067AF4 /* StringMappable.swift */ = {isa = PBXFileReference; lastKnownFileType = sourcecode.swift; path = StringMappable.swift; sourceTree = "<group>"; };
		FC825D4A2B08E07400067AF4 /* Facebook.swift */ = {isa = PBXFileReference; lastKnownFileType = sourcecode.swift; path = Facebook.swift; sourceTree = SOURCE_ROOT; };
		FCC2CF172B09F0010064C29E /* AlertsView.swift */ = {isa = PBXFileReference; lastKnownFileType = sourcecode.swift; path = AlertsView.swift; sourceTree = "<group>"; };
		FCC2CF1C2B09F1760064C29E /* MarketplaceItemView.swift */ = {isa = PBXFileReference; lastKnownFileType = sourcecode.swift; path = MarketplaceItemView.swift; sourceTree = "<group>"; };
		FCC2CF1E2B09F3B00064C29E /* AlertConfigView.swift */ = {isa = PBXFileReference; lastKnownFileType = sourcecode.swift; path = AlertConfigView.swift; sourceTree = "<group>"; };
		FCE5FCAD2B09776800B21886 /* EmptyView.swift */ = {isa = PBXFileReference; lastKnownFileType = sourcecode.swift; path = EmptyView.swift; sourceTree = "<group>"; };
		FCE5FCBB2B09DF9000B21886 /* Secrets.swift */ = {isa = PBXFileReference; lastKnownFileType = sourcecode.swift; path = Secrets.swift; sourceTree = "<group>"; };
/* End PBXFileReference section */

/* Begin PBXFrameworksBuildPhase section */
		1116C66D2900DF0B00E08B04 /* Frameworks */ = {
			isa = PBXFrameworksBuildPhase;
			buildActionMask = 2147483647;
			files = (
				FCE5FCBA2B09B91000B21886 /* NavigationSearchBar in Frameworks */,
				FCC2CF1B2B09F0CD0064C29E /* CardStack in Frameworks */,
				FCE5FCB72B09AC8F00B21886 /* WrappingHStack in Frameworks */,
				FCE5FCB42B09A44200B21886 /* DylKit in Frameworks */,
			);
			runOnlyForDeploymentPostprocessing = 0;
		};
		1116C67D2900DF0D00E08B04 /* Frameworks */ = {
			isa = PBXFrameworksBuildPhase;
			buildActionMask = 2147483647;
			files = (
			);
			runOnlyForDeploymentPostprocessing = 0;
		};
		1116C6872900DF0D00E08B04 /* Frameworks */ = {
			isa = PBXFrameworksBuildPhase;
			buildActionMask = 2147483647;
			files = (
			);
			runOnlyForDeploymentPostprocessing = 0;
		};
/* End PBXFrameworksBuildPhase section */

/* Begin PBXGroup section */
		1116C6672900DF0B00E08B04 = {
			isa = PBXGroup;
			children = (
				1116C6722900DF0B00E08B04 /* Markets */,
				1116C6832900DF0D00E08B04 /* MarketsTests */,
				1116C68D2900DF0D00E08B04 /* MarketsUITests */,
				1116C6712900DF0B00E08B04 /* Products */,
			);
			sourceTree = "<group>";
		};
		1116C6712900DF0B00E08B04 /* Products */ = {
			isa = PBXGroup;
			children = (
				1116C6702900DF0B00E08B04 /* Markets.app */,
				1116C6802900DF0D00E08B04 /* MarketsTests.xctest */,
				1116C68A2900DF0D00E08B04 /* MarketsUITests.xctest */,
			);
			name = Products;
			sourceTree = "<group>";
		};
		1116C6722900DF0B00E08B04 /* Markets */ = {
			isa = PBXGroup;
			children = (
				FC7CD89B2B08432700D1D83F /* Info.plist */,
				1116C6732900DF0B00E08B04 /* MarketsApp.swift */,
				FC825D452B08CB9A00067AF4 /* Screens */,
				FC825D482B08CBD800067AF4 /* Helpers */,
				FC825D3B2B08CB1800067AF4 /* Model */,
				FC825D462B08CBB600067AF4 /* API */,
				1116C6772900DF0C00E08B04 /* Assets.xcassets */,
				1116C6792900DF0C00E08B04 /* Preview Content */,
			);
			path = Markets;
			sourceTree = "<group>";
		};
		1116C6792900DF0C00E08B04 /* Preview Content */ = {
			isa = PBXGroup;
			children = (
				1116C67A2900DF0C00E08B04 /* Preview Assets.xcassets */,
			);
			path = "Preview Content";
			sourceTree = "<group>";
		};
		1116C6832900DF0D00E08B04 /* MarketsTests */ = {
			isa = PBXGroup;
			children = (
				1116C6842900DF0D00E08B04 /* MarketsTests.swift */,
			);
			path = MarketsTests;
			sourceTree = "<group>";
		};
		1116C68D2900DF0D00E08B04 /* MarketsUITests */ = {
			isa = PBXGroup;
			children = (
				1116C68E2900DF0D00E08B04 /* MarketsUITests.swift */,
				1116C6902900DF0D00E08B04 /* MarketsUITestsLaunchTests.swift */,
			);
			path = MarketsUITests;
			sourceTree = "<group>";
		};
		FC825D3B2B08CB1800067AF4 /* Model */ = {
			isa = PBXGroup;
			children = (
				FC825D392B08CB1000067AF4 /* MarketplaceItem.swift */,
			);
			path = Model;
			sourceTree = "<group>";
		};
		FC825D412B08CB6200067AF4 /* Model */ = {
			isa = PBXGroup;
			children = (
				FC825D352B08CAEC00067AF4 /* MarketplaceRequest.swift */,
				FC825D3F2B08CB5B00067AF4 /* MarketplaceSearchResponse.swift */,
				FC715A732B11B9F80048EDB1 /* FailableDecodable.swift */,
			);
			path = Model;
			sourceTree = "<group>";
		};
		FC825D442B08CB8F00067AF4 /* Search */ = {
			isa = PBXGroup;
			children = (
				1116C6752900DF0B00E08B04 /* ContentView.swift */,
				FCC2CF1C2B09F1760064C29E /* MarketplaceItemView.swift */,
				FCE5FCAD2B09776800B21886 /* EmptyView.swift */,
				FC7CD8952B08344A00D1D83F /* ViewModel.swift */,
			);
			path = Search;
			sourceTree = "<group>";
		};
		FC825D452B08CB9A00067AF4 /* Screens */ = {
			isa = PBXGroup;
			children = (
				FCC2CF162B09EFF20064C29E /* Alerts */,
				FC825D442B08CB8F00067AF4 /* Search */,
			);
			path = Screens;
			sourceTree = "<group>";
		};
		FC825D462B08CBB600067AF4 /* API */ = {
			isa = PBXGroup;
			children = (
				FC825D4A2B08E07400067AF4 /* Facebook.swift */,
				FCE5FCBB2B09DF9000B21886 /* Secrets.swift */,
				FC7CD8932B08293E00D1D83F /* APIClient.swift */,
				FC825D412B08CB6200067AF4 /* Model */,
			);
			path = API;
			sourceTree = "<group>";
		};
		FC825D482B08CBD800067AF4 /* Helpers */ = {
			isa = PBXGroup;
			children = (
				FC825D422B08CB7A00067AF4 /* StringMappable.swift */,
				1116C6A02900EFB300E08B04 /* URLImage.swift */,
				FC7CD8972B0835A900D1D83F /* WebView.swift */,
				FC825D492B08CBF000067AF4 /* Extensions */,
			);
			path = Helpers;
			sourceTree = "<group>";
		};
		FC825D492B08CBF000067AF4 /* Extensions */ = {
			isa = PBXGroup;
			children = (
				FC7CD8992B083E5F00D1D83F /* WKWebview+SaveCookies.swift */,
				FC825D3D2B08CB3500067AF4 /* WKWebsiteDataStore+Cookie.swift */,
				FC825D372B08CAFD00067AF4 /* URL+Identifiable.swift */,
			);
			path = Extensions;
			sourceTree = "<group>";
		};
		FCC2CF162B09EFF20064C29E /* Alerts */ = {
			isa = PBXGroup;
			children = (
				FCC2CF172B09F0010064C29E /* AlertsView.swift */,
				FCC2CF1E2B09F3B00064C29E /* AlertConfigView.swift */,
			);
			path = Alerts;
			sourceTree = "<group>";
		};
/* End PBXGroup section */

/* Begin PBXNativeTarget section */
		1116C66F2900DF0B00E08B04 /* Markets */ = {
			isa = PBXNativeTarget;
			buildConfigurationList = 1116C6942900DF0D00E08B04 /* Build configuration list for PBXNativeTarget "Markets" */;
			buildPhases = (
				1116C66C2900DF0B00E08B04 /* Sources */,
				1116C66D2900DF0B00E08B04 /* Frameworks */,
				1116C66E2900DF0B00E08B04 /* Resources */,
			);
			buildRules = (
			);
			dependencies = (
			);
			name = Markets;
			packageProductDependencies = (
				FCE5FCB32B09A44200B21886 /* DylKit */,
				FCE5FCB62B09AC8F00B21886 /* WrappingHStack */,
				FCE5FCB92B09B91000B21886 /* NavigationSearchBar */,
				FCC2CF1A2B09F0CD0064C29E /* CardStack */,
			);
			productName = Markets;
			productReference = 1116C6702900DF0B00E08B04 /* Markets.app */;
			productType = "com.apple.product-type.application";
		};
		1116C67F2900DF0D00E08B04 /* MarketsTests */ = {
			isa = PBXNativeTarget;
			buildConfigurationList = 1116C6972900DF0D00E08B04 /* Build configuration list for PBXNativeTarget "MarketsTests" */;
			buildPhases = (
				1116C67C2900DF0D00E08B04 /* Sources */,
				1116C67D2900DF0D00E08B04 /* Frameworks */,
				1116C67E2900DF0D00E08B04 /* Resources */,
			);
			buildRules = (
			);
			dependencies = (
				1116C6822900DF0D00E08B04 /* PBXTargetDependency */,
			);
			name = MarketsTests;
			productName = MarketsTests;
			productReference = 1116C6802900DF0D00E08B04 /* MarketsTests.xctest */;
			productType = "com.apple.product-type.bundle.unit-test";
		};
		1116C6892900DF0D00E08B04 /* MarketsUITests */ = {
			isa = PBXNativeTarget;
			buildConfigurationList = 1116C69A2900DF0D00E08B04 /* Build configuration list for PBXNativeTarget "MarketsUITests" */;
			buildPhases = (
				1116C6862900DF0D00E08B04 /* Sources */,
				1116C6872900DF0D00E08B04 /* Frameworks */,
				1116C6882900DF0D00E08B04 /* Resources */,
			);
			buildRules = (
			);
			dependencies = (
				1116C68C2900DF0D00E08B04 /* PBXTargetDependency */,
			);
			name = MarketsUITests;
			productName = MarketsUITests;
			productReference = 1116C68A2900DF0D00E08B04 /* MarketsUITests.xctest */;
			productType = "com.apple.product-type.bundle.ui-testing";
		};
/* End PBXNativeTarget section */

/* Begin PBXProject section */
		1116C6682900DF0B00E08B04 /* Project object */ = {
			isa = PBXProject;
			attributes = {
				BuildIndependentTargetsInParallel = 1;
				LastSwiftUpdateCheck = 1340;
				LastUpgradeCheck = 1340;
				TargetAttributes = {
					1116C66F2900DF0B00E08B04 = {
						CreatedOnToolsVersion = 13.4.1;
					};
					1116C67F2900DF0D00E08B04 = {
						CreatedOnToolsVersion = 13.4.1;
						TestTargetID = 1116C66F2900DF0B00E08B04;
					};
					1116C6892900DF0D00E08B04 = {
						CreatedOnToolsVersion = 13.4.1;
						TestTargetID = 1116C66F2900DF0B00E08B04;
					};
				};
			};
			buildConfigurationList = 1116C66B2900DF0B00E08B04 /* Build configuration list for PBXProject "Markets" */;
			compatibilityVersion = "Xcode 13.0";
			developmentRegion = en;
			hasScannedForEncodings = 0;
			knownRegions = (
				en,
				Base,
			);
			mainGroup = 1116C6672900DF0B00E08B04;
			packageReferences = (
				FCE5FCB22B09A44200B21886 /* XCLocalSwiftPackageReference "../DylKit" */,
				FCE5FCB52B09AC8F00B21886 /* XCRemoteSwiftPackageReference "WrappingHStack" */,
				FCE5FCB82B09B91000B21886 /* XCRemoteSwiftPackageReference "NavigationSearchBar" */,
				FCC2CF192B09F0CD0064C29E /* XCRemoteSwiftPackageReference "SwiftUI-CardStackView" */,
			);
			productRefGroup = 1116C6712900DF0B00E08B04 /* Products */;
			projectDirPath = "";
			projectRoot = "";
			targets = (
				1116C66F2900DF0B00E08B04 /* Markets */,
				1116C67F2900DF0D00E08B04 /* MarketsTests */,
				1116C6892900DF0D00E08B04 /* MarketsUITests */,
			);
		};
/* End PBXProject section */

/* Begin PBXResourcesBuildPhase section */
		1116C66E2900DF0B00E08B04 /* Resources */ = {
			isa = PBXResourcesBuildPhase;
			buildActionMask = 2147483647;
			files = (
				1116C67B2900DF0C00E08B04 /* Preview Assets.xcassets in Resources */,
				1116C6782900DF0C00E08B04 /* Assets.xcassets in Resources */,
			);
			runOnlyForDeploymentPostprocessing = 0;
		};
		1116C67E2900DF0D00E08B04 /* Resources */ = {
			isa = PBXResourcesBuildPhase;
			buildActionMask = 2147483647;
			files = (
			);
			runOnlyForDeploymentPostprocessing = 0;
		};
		1116C6882900DF0D00E08B04 /* Resources */ = {
			isa = PBXResourcesBuildPhase;
			buildActionMask = 2147483647;
			files = (
			);
			runOnlyForDeploymentPostprocessing = 0;
		};
/* End PBXResourcesBuildPhase section */

/* Begin PBXSourcesBuildPhase section */
		1116C66C2900DF0B00E08B04 /* Sources */ = {
			isa = PBXSourcesBuildPhase;
			buildActionMask = 2147483647;
			files = (
				FC825D432B08CB7A00067AF4 /* StringMappable.swift in Sources */,
				FCE5FCBC2B09DF9000B21886 /* Secrets.swift in Sources */,
				FCC2CF1D2B09F1760064C29E /* MarketplaceItemView.swift in Sources */,
				FCE5FCAE2B09776800B21886 /* EmptyView.swift in Sources */,
				FC7CD8962B08344A00D1D83F /* ViewModel.swift in Sources */,
				1116C6762900DF0B00E08B04 /* ContentView.swift in Sources */,
				FC825D4B2B08E07400067AF4 /* Facebook.swift in Sources */,
				1116C6A12900EFB300E08B04 /* URLImage.swift in Sources */,
				FC7CD8982B0835A900D1D83F /* WebView.swift in Sources */,
				FC715A742B11B9F80048EDB1 /* FailableDecodable.swift in Sources */,
				FC825D382B08CAFD00067AF4 /* URL+Identifiable.swift in Sources */,
				FC7CD89A2B083E5F00D1D83F /* WKWebview+SaveCookies.swift in Sources */,
				FCC2CF1F2B09F3B00064C29E /* AlertConfigView.swift in Sources */,
				FC825D362B08CAEC00067AF4 /* MarketplaceRequest.swift in Sources */,
				FC825D3E2B08CB3500067AF4 /* WKWebsiteDataStore+Cookie.swift in Sources */,
				FC825D402B08CB5B00067AF4 /* MarketplaceSearchResponse.swift in Sources */,
				1116C6742900DF0B00E08B04 /* MarketsApp.swift in Sources */,
				FCC2CF182B09F0010064C29E /* AlertsView.swift in Sources */,
				FC825D3A2B08CB1000067AF4 /* MarketplaceItem.swift in Sources */,
				FC7CD8942B08293E00D1D83F /* APIClient.swift in Sources */,
			);
			runOnlyForDeploymentPostprocessing = 0;
		};
		1116C67C2900DF0D00E08B04 /* Sources */ = {
			isa = PBXSourcesBuildPhase;
			buildActionMask = 2147483647;
			files = (
				1116C6852900DF0D00E08B04 /* MarketsTests.swift in Sources */,
			);
			runOnlyForDeploymentPostprocessing = 0;
		};
		1116C6862900DF0D00E08B04 /* Sources */ = {
			isa = PBXSourcesBuildPhase;
			buildActionMask = 2147483647;
			files = (
				1116C6912900DF0D00E08B04 /* MarketsUITestsLaunchTests.swift in Sources */,
				1116C68F2900DF0D00E08B04 /* MarketsUITests.swift in Sources */,
			);
			runOnlyForDeploymentPostprocessing = 0;
		};
/* End PBXSourcesBuildPhase section */

/* Begin PBXTargetDependency section */
		1116C6822900DF0D00E08B04 /* PBXTargetDependency */ = {
			isa = PBXTargetDependency;
			target = 1116C66F2900DF0B00E08B04 /* Markets */;
			targetProxy = 1116C6812900DF0D00E08B04 /* PBXContainerItemProxy */;
		};
		1116C68C2900DF0D00E08B04 /* PBXTargetDependency */ = {
			isa = PBXTargetDependency;
			target = 1116C66F2900DF0B00E08B04 /* Markets */;
			targetProxy = 1116C68B2900DF0D00E08B04 /* PBXContainerItemProxy */;
		};
/* End PBXTargetDependency section */

/* Begin XCBuildConfiguration section */
		1116C6922900DF0D00E08B04 /* Debug */ = {
			isa = XCBuildConfiguration;
			buildSettings = {
				ALWAYS_SEARCH_USER_PATHS = NO;
				CLANG_ANALYZER_NONNULL = YES;
				CLANG_ANALYZER_NUMBER_OBJECT_CONVERSION = YES_AGGRESSIVE;
				CLANG_CXX_LANGUAGE_STANDARD = "gnu++17";
				CLANG_ENABLE_MODULES = YES;
				CLANG_ENABLE_OBJC_ARC = YES;
				CLANG_ENABLE_OBJC_WEAK = YES;
				CLANG_WARN_BLOCK_CAPTURE_AUTORELEASING = YES;
				CLANG_WARN_BOOL_CONVERSION = YES;
				CLANG_WARN_COMMA = YES;
				CLANG_WARN_CONSTANT_CONVERSION = YES;
				CLANG_WARN_DEPRECATED_OBJC_IMPLEMENTATIONS = YES;
				CLANG_WARN_DIRECT_OBJC_ISA_USAGE = YES_ERROR;
				CLANG_WARN_DOCUMENTATION_COMMENTS = YES;
				CLANG_WARN_EMPTY_BODY = YES;
				CLANG_WARN_ENUM_CONVERSION = YES;
				CLANG_WARN_INFINITE_RECURSION = YES;
				CLANG_WARN_INT_CONVERSION = YES;
				CLANG_WARN_NON_LITERAL_NULL_CONVERSION = YES;
				CLANG_WARN_OBJC_IMPLICIT_RETAIN_SELF = YES;
				CLANG_WARN_OBJC_LITERAL_CONVERSION = YES;
				CLANG_WARN_OBJC_ROOT_CLASS = YES_ERROR;
				CLANG_WARN_QUOTED_INCLUDE_IN_FRAMEWORK_HEADER = YES;
				CLANG_WARN_RANGE_LOOP_ANALYSIS = YES;
				CLANG_WARN_STRICT_PROTOTYPES = YES;
				CLANG_WARN_SUSPICIOUS_MOVE = YES;
				CLANG_WARN_UNGUARDED_AVAILABILITY = YES_AGGRESSIVE;
				CLANG_WARN_UNREACHABLE_CODE = YES;
				CLANG_WARN__DUPLICATE_METHOD_MATCH = YES;
				COPY_PHASE_STRIP = NO;
				DEBUG_INFORMATION_FORMAT = dwarf;
				ENABLE_STRICT_OBJC_MSGSEND = YES;
				ENABLE_TESTABILITY = YES;
				GCC_C_LANGUAGE_STANDARD = gnu11;
				GCC_DYNAMIC_NO_PIC = NO;
				GCC_NO_COMMON_BLOCKS = YES;
				GCC_OPTIMIZATION_LEVEL = 0;
				GCC_PREPROCESSOR_DEFINITIONS = (
					"DEBUG=1",
					"$(inherited)",
				);
				GCC_WARN_64_TO_32_BIT_CONVERSION = YES;
				GCC_WARN_ABOUT_RETURN_TYPE = YES_ERROR;
				GCC_WARN_UNDECLARED_SELECTOR = YES;
				GCC_WARN_UNINITIALIZED_AUTOS = YES_AGGRESSIVE;
				GCC_WARN_UNUSED_FUNCTION = YES;
				GCC_WARN_UNUSED_VARIABLE = YES;
				IPHONEOS_DEPLOYMENT_TARGET = 15.5;
				MTL_ENABLE_DEBUG_INFO = INCLUDE_SOURCE;
				MTL_FAST_MATH = YES;
				ONLY_ACTIVE_ARCH = YES;
				SDKROOT = iphoneos;
				SWIFT_ACTIVE_COMPILATION_CONDITIONS = DEBUG;
				SWIFT_OPTIMIZATION_LEVEL = "-Onone";
			};
			name = Debug;
		};
		1116C6932900DF0D00E08B04 /* Release */ = {
			isa = XCBuildConfiguration;
			buildSettings = {
				ALWAYS_SEARCH_USER_PATHS = NO;
				CLANG_ANALYZER_NONNULL = YES;
				CLANG_ANALYZER_NUMBER_OBJECT_CONVERSION = YES_AGGRESSIVE;
				CLANG_CXX_LANGUAGE_STANDARD = "gnu++17";
				CLANG_ENABLE_MODULES = YES;
				CLANG_ENABLE_OBJC_ARC = YES;
				CLANG_ENABLE_OBJC_WEAK = YES;
				CLANG_WARN_BLOCK_CAPTURE_AUTORELEASING = YES;
				CLANG_WARN_BOOL_CONVERSION = YES;
				CLANG_WARN_COMMA = YES;
				CLANG_WARN_CONSTANT_CONVERSION = YES;
				CLANG_WARN_DEPRECATED_OBJC_IMPLEMENTATIONS = YES;
				CLANG_WARN_DIRECT_OBJC_ISA_USAGE = YES_ERROR;
				CLANG_WARN_DOCUMENTATION_COMMENTS = YES;
				CLANG_WARN_EMPTY_BODY = YES;
				CLANG_WARN_ENUM_CONVERSION = YES;
				CLANG_WARN_INFINITE_RECURSION = YES;
				CLANG_WARN_INT_CONVERSION = YES;
				CLANG_WARN_NON_LITERAL_NULL_CONVERSION = YES;
				CLANG_WARN_OBJC_IMPLICIT_RETAIN_SELF = YES;
				CLANG_WARN_OBJC_LITERAL_CONVERSION = YES;
				CLANG_WARN_OBJC_ROOT_CLASS = YES_ERROR;
				CLANG_WARN_QUOTED_INCLUDE_IN_FRAMEWORK_HEADER = YES;
				CLANG_WARN_RANGE_LOOP_ANALYSIS = YES;
				CLANG_WARN_STRICT_PROTOTYPES = YES;
				CLANG_WARN_SUSPICIOUS_MOVE = YES;
				CLANG_WARN_UNGUARDED_AVAILABILITY = YES_AGGRESSIVE;
				CLANG_WARN_UNREACHABLE_CODE = YES;
				CLANG_WARN__DUPLICATE_METHOD_MATCH = YES;
				COPY_PHASE_STRIP = NO;
				DEBUG_INFORMATION_FORMAT = "dwarf-with-dsym";
				ENABLE_NS_ASSERTIONS = NO;
				ENABLE_STRICT_OBJC_MSGSEND = YES;
				GCC_C_LANGUAGE_STANDARD = gnu11;
				GCC_NO_COMMON_BLOCKS = YES;
				GCC_WARN_64_TO_32_BIT_CONVERSION = YES;
				GCC_WARN_ABOUT_RETURN_TYPE = YES_ERROR;
				GCC_WARN_UNDECLARED_SELECTOR = YES;
				GCC_WARN_UNINITIALIZED_AUTOS = YES_AGGRESSIVE;
				GCC_WARN_UNUSED_FUNCTION = YES;
				GCC_WARN_UNUSED_VARIABLE = YES;
				IPHONEOS_DEPLOYMENT_TARGET = 15.5;
				MTL_ENABLE_DEBUG_INFO = NO;
				MTL_FAST_MATH = YES;
				SDKROOT = iphoneos;
				SWIFT_COMPILATION_MODE = wholemodule;
				SWIFT_OPTIMIZATION_LEVEL = "-O";
				VALIDATE_PRODUCT = YES;
			};
			name = Release;
		};
		1116C6952900DF0D00E08B04 /* Debug */ = {
			isa = XCBuildConfiguration;
			buildSettings = {
				ASSETCATALOG_COMPILER_APPICON_NAME = AppIcon;
				ASSETCATALOG_COMPILER_GLOBAL_ACCENT_COLOR_NAME = AccentColor;
				CODE_SIGN_STYLE = Automatic;
				CURRENT_PROJECT_VERSION = 1;
				DEVELOPMENT_ASSET_PATHS = "\"Markets/Preview Content\"";
				DEVELOPMENT_TEAM = 6CW3378X23;
				ENABLE_PREVIEWS = YES;
				GENERATE_INFOPLIST_FILE = YES;
				INFOPLIST_FILE = Markets/Info.plist;
				INFOPLIST_KEY_UIApplicationSceneManifest_Generation = YES;
				INFOPLIST_KEY_UIApplicationSupportsIndirectInputEvents = YES;
				INFOPLIST_KEY_UILaunchScreen_Generation = YES;
				INFOPLIST_KEY_UISupportedInterfaceOrientations_iPad = "UIInterfaceOrientationPortrait UIInterfaceOrientationPortraitUpsideDown UIInterfaceOrientationLandscapeLeft UIInterfaceOrientationLandscapeRight";
				INFOPLIST_KEY_UISupportedInterfaceOrientations_iPhone = "UIInterfaceOrientationPortrait UIInterfaceOrientationLandscapeLeft UIInterfaceOrientationLandscapeRight";
				LD_RUNPATH_SEARCH_PATHS = (
					"$(inherited)",
					"@executable_path/Frameworks",
				);
				MARKETING_VERSION = 1.0;
				PRODUCT_BUNDLE_IDENTIFIER = com.dylan.Markets;
				PRODUCT_NAME = "$(TARGET_NAME)";
				SWIFT_EMIT_LOC_STRINGS = YES;
				SWIFT_VERSION = 5.0;
				TARGETED_DEVICE_FAMILY = "1,2";
			};
			name = Debug;
		};
		1116C6962900DF0D00E08B04 /* Release */ = {
			isa = XCBuildConfiguration;
			buildSettings = {
				ASSETCATALOG_COMPILER_APPICON_NAME = AppIcon;
				ASSETCATALOG_COMPILER_GLOBAL_ACCENT_COLOR_NAME = AccentColor;
				CODE_SIGN_STYLE = Automatic;
				CURRENT_PROJECT_VERSION = 1;
				DEVELOPMENT_ASSET_PATHS = "\"Markets/Preview Content\"";
				DEVELOPMENT_TEAM = 6CW3378X23;
				ENABLE_PREVIEWS = YES;
				GENERATE_INFOPLIST_FILE = YES;
				INFOPLIST_FILE = Markets/Info.plist;
				INFOPLIST_KEY_UIApplicationSceneManifest_Generation = YES;
				INFOPLIST_KEY_UIApplicationSupportsIndirectInputEvents = YES;
				INFOPLIST_KEY_UILaunchScreen_Generation = YES;
				INFOPLIST_KEY_UISupportedInterfaceOrientations_iPad = "UIInterfaceOrientationPortrait UIInterfaceOrientationPortraitUpsideDown UIInterfaceOrientationLandscapeLeft UIInterfaceOrientationLandscapeRight";
				INFOPLIST_KEY_UISupportedInterfaceOrientations_iPhone = "UIInterfaceOrientationPortrait UIInterfaceOrientationLandscapeLeft UIInterfaceOrientationLandscapeRight";
				LD_RUNPATH_SEARCH_PATHS = (
					"$(inherited)",
					"@executable_path/Frameworks",
				);
				MARKETING_VERSION = 1.0;
				PRODUCT_BUNDLE_IDENTIFIER = com.dylan.Markets;
				PRODUCT_NAME = "$(TARGET_NAME)";
				SWIFT_EMIT_LOC_STRINGS = YES;
				SWIFT_VERSION = 5.0;
				TARGETED_DEVICE_FAMILY = "1,2";
			};
			name = Release;
		};
		1116C6982900DF0D00E08B04 /* Debug */ = {
			isa = XCBuildConfiguration;
			buildSettings = {
				ALWAYS_EMBED_SWIFT_STANDARD_LIBRARIES = YES;
				BUNDLE_LOADER = "$(TEST_HOST)";
				CODE_SIGN_STYLE = Automatic;
				CURRENT_PROJECT_VERSION = 1;
				DEVELOPMENT_TEAM = 6CW3378X23;
				GENERATE_INFOPLIST_FILE = YES;
				IPHONEOS_DEPLOYMENT_TARGET = 15.5;
				MARKETING_VERSION = 1.0;
				PRODUCT_BUNDLE_IDENTIFIER = com.dylan.MarketsTests;
				PRODUCT_NAME = "$(TARGET_NAME)";
				SWIFT_EMIT_LOC_STRINGS = NO;
				SWIFT_VERSION = 5.0;
				TARGETED_DEVICE_FAMILY = "1,2";
				TEST_HOST = "$(BUILT_PRODUCTS_DIR)/Markets.app/Markets";
			};
			name = Debug;
		};
		1116C6992900DF0D00E08B04 /* Release */ = {
			isa = XCBuildConfiguration;
			buildSettings = {
				ALWAYS_EMBED_SWIFT_STANDARD_LIBRARIES = YES;
				BUNDLE_LOADER = "$(TEST_HOST)";
				CODE_SIGN_STYLE = Automatic;
				CURRENT_PROJECT_VERSION = 1;
				DEVELOPMENT_TEAM = 6CW3378X23;
				GENERATE_INFOPLIST_FILE = YES;
				IPHONEOS_DEPLOYMENT_TARGET = 15.5;
				MARKETING_VERSION = 1.0;
				PRODUCT_BUNDLE_IDENTIFIER = com.dylan.MarketsTests;
				PRODUCT_NAME = "$(TARGET_NAME)";
				SWIFT_EMIT_LOC_STRINGS = NO;
				SWIFT_VERSION = 5.0;
				TARGETED_DEVICE_FAMILY = "1,2";
				TEST_HOST = "$(BUILT_PRODUCTS_DIR)/Markets.app/Markets";
			};
			name = Release;
		};
		1116C69B2900DF0D00E08B04 /* Debug */ = {
			isa = XCBuildConfiguration;
			buildSettings = {
				ALWAYS_EMBED_SWIFT_STANDARD_LIBRARIES = YES;
				CODE_SIGN_STYLE = Automatic;
				CURRENT_PROJECT_VERSION = 1;
				DEVELOPMENT_TEAM = 6CW3378X23;
				GENERATE_INFOPLIST_FILE = YES;
				MARKETING_VERSION = 1.0;
				PRODUCT_BUNDLE_IDENTIFIER = com.dylan.MarketsUITests;
				PRODUCT_NAME = "$(TARGET_NAME)";
				SWIFT_EMIT_LOC_STRINGS = NO;
				SWIFT_VERSION = 5.0;
				TARGETED_DEVICE_FAMILY = "1,2";
				TEST_TARGET_NAME = Markets;
			};
			name = Debug;
		};
		1116C69C2900DF0D00E08B04 /* Release */ = {
			isa = XCBuildConfiguration;
			buildSettings = {
				ALWAYS_EMBED_SWIFT_STANDARD_LIBRARIES = YES;
				CODE_SIGN_STYLE = Automatic;
				CURRENT_PROJECT_VERSION = 1;
				DEVELOPMENT_TEAM = 6CW3378X23;
				GENERATE_INFOPLIST_FILE = YES;
				MARKETING_VERSION = 1.0;
				PRODUCT_BUNDLE_IDENTIFIER = com.dylan.MarketsUITests;
				PRODUCT_NAME = "$(TARGET_NAME)";
				SWIFT_EMIT_LOC_STRINGS = NO;
				SWIFT_VERSION = 5.0;
				TARGETED_DEVICE_FAMILY = "1,2";
				TEST_TARGET_NAME = Markets;
			};
			name = Release;
		};
/* End XCBuildConfiguration section */

/* Begin XCConfigurationList section */
		1116C66B2900DF0B00E08B04 /* Build configuration list for PBXProject "Markets" */ = {
			isa = XCConfigurationList;
			buildConfigurations = (
				1116C6922900DF0D00E08B04 /* Debug */,
				1116C6932900DF0D00E08B04 /* Release */,
			);
			defaultConfigurationIsVisible = 0;
			defaultConfigurationName = Release;
		};
		1116C6942900DF0D00E08B04 /* Build configuration list for PBXNativeTarget "Markets" */ = {
			isa = XCConfigurationList;
			buildConfigurations = (
				1116C6952900DF0D00E08B04 /* Debug */,
				1116C6962900DF0D00E08B04 /* Release */,
			);
			defaultConfigurationIsVisible = 0;
			defaultConfigurationName = Release;
		};
		1116C6972900DF0D00E08B04 /* Build configuration list for PBXNativeTarget "MarketsTests" */ = {
			isa = XCConfigurationList;
			buildConfigurations = (
				1116C6982900DF0D00E08B04 /* Debug */,
				1116C6992900DF0D00E08B04 /* Release */,
			);
			defaultConfigurationIsVisible = 0;
			defaultConfigurationName = Release;
		};
		1116C69A2900DF0D00E08B04 /* Build configuration list for PBXNativeTarget "MarketsUITests" */ = {
			isa = XCConfigurationList;
			buildConfigurations = (
				1116C69B2900DF0D00E08B04 /* Debug */,
				1116C69C2900DF0D00E08B04 /* Release */,
			);
			defaultConfigurationIsVisible = 0;
			defaultConfigurationName = Release;
		};
/* End XCConfigurationList section */

/* Begin XCLocalSwiftPackageReference section */
		FCE5FCB22B09A44200B21886 /* XCLocalSwiftPackageReference "../DylKit" */ = {
			isa = XCLocalSwiftPackageReference;
			relativePath = ../DylKit;
		};
/* End XCLocalSwiftPackageReference section */

/* Begin XCRemoteSwiftPackageReference section */
		FCC2CF192B09F0CD0064C29E /* XCRemoteSwiftPackageReference "SwiftUI-CardStackView" */ = {
			isa = XCRemoteSwiftPackageReference;
			repositoryURL = "https://github.com/dadalar/SwiftUI-CardStackView";
			requirement = {
				kind = upToNextMajorVersion;
				minimumVersion = 0.0.6;
			};
		};
		FCE5FCB52B09AC8F00B21886 /* XCRemoteSwiftPackageReference "WrappingHStack" */ = {
			isa = XCRemoteSwiftPackageReference;
			repositoryURL = "https://github.com/dkk/WrappingHStack";
			requirement = {
				kind = upToNextMajorVersion;
				minimumVersion = 2.2.11;
			};
		};
		FCE5FCB82B09B91000B21886 /* XCRemoteSwiftPackageReference "NavigationSearchBar" */ = {
			isa = XCRemoteSwiftPackageReference;
			repositoryURL = "https://github.com/markvanwijnen/NavigationSearchBar";
			requirement = {
				kind = upToNextMajorVersion;
				minimumVersion = 1.3.0;
			};
		};
/* End XCRemoteSwiftPackageReference section */

/* Begin XCSwiftPackageProductDependency section */
		FCC2CF1A2B09F0CD0064C29E /* CardStack */ = {
			isa = XCSwiftPackageProductDependency;
			package = FCC2CF192B09F0CD0064C29E /* XCRemoteSwiftPackageReference "SwiftUI-CardStackView" */;
			productName = CardStack;
		};
		FCE5FCB32B09A44200B21886 /* DylKit */ = {
			isa = XCSwiftPackageProductDependency;
			productName = DylKit;
		};
		FCE5FCB62B09AC8F00B21886 /* WrappingHStack */ = {
			isa = XCSwiftPackageProductDependency;
			package = FCE5FCB52B09AC8F00B21886 /* XCRemoteSwiftPackageReference "WrappingHStack" */;
			productName = WrappingHStack;
		};
		FCE5FCB92B09B91000B21886 /* NavigationSearchBar */ = {
			isa = XCSwiftPackageProductDependency;
			package = FCE5FCB82B09B91000B21886 /* XCRemoteSwiftPackageReference "NavigationSearchBar" */;
			productName = NavigationSearchBar;
		};
/* End XCSwiftPackageProductDependency section */
	};
	rootObject = 1116C6682900DF0B00E08B04 /* Project object */;
}
